
Microsoft Visual Studio Solution File, Format Version 12.00
# Visual Studio Version 16
VisualStudioVersion = 16.0.29613.14
MinimumVisualStudioVersion = 10.0.40219.1
Project("{9A19103F-16F7-4668-BE54-9A1E7A4F7556}") = "WPA.backend", "WPA.backend\WPA.backend.csproj", "{B4F60BE5-F5C7-485B-A9B5-CD62E994FD9A}"
EndProject
Project("{2150E333-8FDC-42A3-9474-1A3956D46DE8}") = "Solution Items", "Solution Items", "{53F7F911-78A3-4BF6-AC8A-852745F1948F}"
	ProjectSection(SolutionItems) = preProject
		.editorconfig = .editorconfig
	EndProjectSection
EndProject
Global
	GlobalSection(SolutionConfigurationPlatforms) = preSolution
		Debug|Any CPU = Debug|Any CPU
		Release|Any CPU = Release|Any CPU
	EndGlobalSection
	GlobalSection(ProjectConfigurationPlatforms) = postSolution
		{B4F60BE5-F5C7-485B-A9B5-CD62E994FD9A}.Debug|Any CPU.ActiveCfg = Debug|Any CPU
		{B4F60BE5-F5C7-485B-A9B5-CD62E994FD9A}.Debug|Any CPU.Build.0 = Debug|Any CPU
		{B4F60BE5-F5C7-485B-A9B5-CD62E994FD9A}.Release|Any CPU.ActiveCfg = Release|Any CPU
		{B4F60BE5-F5C7-485B-A9B5-CD62E994FD9A}.Release|Any CPU.Build.0 = Release|Any CPU
	EndGlobalSection
	GlobalSection(SolutionProperties) = preSolution
		HideSolutionNode = FALSE
	EndGlobalSection
	GlobalSection(ExtensibilityGlobals) = postSolution
		SolutionGuid = {28DCB70F-F5A1-40D4-AE2B-808FDC777CAD}
	EndGlobalSection
EndGlobal
